
Microsoft Visual Studio Solution File, Format Version 12.00
# Visual Studio 2013
VisualStudioVersion = 12.0.21005.1
MinimumVisualStudioVersion = 10.0.40219.1
Project("{FAE04EC0-301F-11D3-BF4B-00C04F79EFBC}") = "MiniDinerApp", "MiniDinerApp\MiniDinerApp.csproj", "{588C86FE-F874-4C1E-B838-C0B813079809}"
EndProject
Project("{FAE04EC0-301F-11D3-BF4B-00C04F79EFBC}") = "MiniDinerTests", "MiniDinerTests\MiniDinerTests.csproj", "{436F717F-646D-4F1C-93BA-146DFBA7F7EC}"
EndProject
Project("{2150E333-8FDC-42A3-9474-1A3956D46DE8}") = "BuildAndTest", "BuildAndTest", "{18E86144-EF03-42E8-8DEF-EBDA9253CC08}"
	ProjectSection(SolutionItems) = preProject
		Build.cmd = Build.cmd
		BuildAndTest.cmd = BuildAndTest.cmd
		Test.cmd = Test.cmd
	EndProjectSection
EndProject
Global
	GlobalSection(SolutionConfigurationPlatforms) = preSolution
		Debug|Any CPU = Debug|Any CPU
		Release|Any CPU = Release|Any CPU
	EndGlobalSection
	GlobalSection(ProjectConfigurationPlatforms) = postSolution
		{588C86FE-F874-4C1E-B838-C0B813079809}.Debug|Any CPU.ActiveCfg = Debug|Any CPU
		{588C86FE-F874-4C1E-B838-C0B813079809}.Debug|Any CPU.Build.0 = Debug|Any CPU
		{588C86FE-F874-4C1E-B838-C0B813079809}.Release|Any CPU.ActiveCfg = Release|Any CPU
		{588C86FE-F874-4C1E-B838-C0B813079809}.Release|Any CPU.Build.0 = Release|Any CPU
		{436F717F-646D-4F1C-93BA-146DFBA7F7EC}.Debug|Any CPU.ActiveCfg = Debug|Any CPU
		{436F717F-646D-4F1C-93BA-146DFBA7F7EC}.Debug|Any CPU.Build.0 = Debug|Any CPU
		{436F717F-646D-4F1C-93BA-146DFBA7F7EC}.Release|Any CPU.ActiveCfg = Release|Any CPU
		{436F717F-646D-4F1C-93BA-146DFBA7F7EC}.Release|Any CPU.Build.0 = Release|Any CPU
	EndGlobalSection
	GlobalSection(SolutionProperties) = preSolution
		HideSolutionNode = FALSE
	EndGlobalSection
EndGlobal
